
Microsoft Visual Studio Solution File, Format Version 12.00
# Visual Studio Version 16
VisualStudioVersion = 16.0.30611.23
MinimumVisualStudioVersion = 10.0.40219.1
Project("{FAE04EC0-301F-11D3-BF4B-00C04F79EFBC}") = "ProducerConsumerDemo", "ProducerConsumerDemo\ProducerConsumerDemo.csproj", "{4C000756-33E1-47AF-9945-74667E4E2ABE}"
EndProject
Global
	GlobalSection(SolutionConfigurationPlatforms) = preSolution
		Debug|Any CPU = Debug|Any CPU
		Release|Any CPU = Release|Any CPU
	EndGlobalSection
	GlobalSection(ProjectConfigurationPlatforms) = postSolution
		{4C000756-33E1-47AF-9945-74667E4E2ABE}.Debug|Any CPU.ActiveCfg = Debug|Any CPU
		{4C000756-33E1-47AF-9945-74667E4E2ABE}.Debug|Any CPU.Build.0 = Debug|Any CPU
		{4C000756-33E1-47AF-9945-74667E4E2ABE}.Release|Any CPU.ActiveCfg = Release|Any CPU
		{4C000756-33E1-47AF-9945-74667E4E2ABE}.Release|Any CPU.Build.0 = Release|Any CPU
	EndGlobalSection
	GlobalSection(SolutionProperties) = preSolution
		HideSolutionNode = FALSE
	EndGlobalSection
	GlobalSection(ExtensibilityGlobals) = postSolution
		SolutionGuid = {94B50E8F-F0EF-456A-B07E-19AA4694E64A}
	EndGlobalSection
EndGlobal
